Microsoft Visual Studio Solution File, Format Version 9.00
# Visual Studio 2005
Project("{8BC9CEB8-8B4A-11D0-8D11-00A0C91BC942}") = "search", "search\search.vcproj", "{BDFCEB6C-99B3-490F-ACB4-9A32AA44B4D5}"
	ProjectSection(ProjectDependencies) = postProject
		{C70E88BF-3020-4C30-BDD0-9131B9E859E3} = {C70E88BF-3020-4C30-BDD0-9131B9E859E3}
	EndProjectSection
EndProject
Project("{8BC9CEB8-8B4A-11D0-8D11-00A0C91BC942}") = "analyzer", "analyze\analyze.vcproj", "{C615842B-338A-4046-8D35-07C030BC2762}"
	ProjectSection(ProjectDependencies) = postProject
		{C70E88BF-3020-4C30-BDD0-9131B9E859E3} = {C70E88BF-3020-4C30-BDD0-9131B9E859E3}
	EndProjectSection
EndProject
Project("{8BC9CEB8-8B4A-11D0-8D11-00A0C91BC942}") = "viewer", "viewer\viewer.vcproj", "{62E6E754-F559-47D4-8F72-252182054FF5}"
	ProjectSection(ProjectDependencies) = postProject
		{C70E88BF-3020-4C30-BDD0-9131B9E859E3} = {C70E88BF-3020-4C30-BDD0-9131B9E859E3}
	EndProjectSection
EndProject
Project("{8BC9CEB8-8B4A-11D0-8D11-00A0C91BC942}") = "dump", "dump\dump.vcproj", "{950DB279-1AAD-4A7F-B5BE-3DC5FF5B49AA}"
	ProjectSection(ProjectDependencies) = postProject
		{C70E88BF-3020-4C30-BDD0-9131B9E859E3} = {C70E88BF-3020-4C30-BDD0-9131B9E859E3}
	EndProjectSection
EndProject
Project("{8BC9CEB8-8B4A-11D0-8D11-00A0C91BC942}") = "sdsslib", "sdsslib\sdsslib.vcproj", "{C70E88BF-3020-4C30-BDD0-9131B9E859E3}"
EndProject
Project("{8BC9CEB8-8B4A-11D0-8D11-00A0C91BC942}") = "compare", "compare\compare.vcproj", "{E8DB291F-7F86-4C22-9369-1BF4BAF08205}"
EndProject
Project("{8BC9CEB8-8B4A-11D0-8D11-00A0C91BC942}") = "specObjOperations", "specObjOperations\specObjOperations.vcproj", "{4ADFDDAB-FB91-4716-873C-6BBD29A7EA7D}"
EndProject
Global
	GlobalSection(SolutionConfigurationPlatforms) = preSolution
		Debug|Win32 = Debug|Win32
		Debug|x64 = Debug|x64
		Release|Win32 = Release|Win32
		Release|x64 = Release|x64
	EndGlobalSection
	GlobalSection(ProjectConfigurationPlatforms) = postSolution
		{BDFCEB6C-99B3-490F-ACB4-9A32AA44B4D5}.Debug|Win32.ActiveCfg = Debug|Win32
		{BDFCEB6C-99B3-490F-ACB4-9A32AA44B4D5}.Debug|Win32.Build.0 = Debug|Win32
		{BDFCEB6C-99B3-490F-ACB4-9A32AA44B4D5}.Debug|x64.ActiveCfg = Release|x64
		{BDFCEB6C-99B3-490F-ACB4-9A32AA44B4D5}.Debug|x64.Build.0 = Release|x64
		{BDFCEB6C-99B3-490F-ACB4-9A32AA44B4D5}.Release|Win32.ActiveCfg = Release|Win32
		{BDFCEB6C-99B3-490F-ACB4-9A32AA44B4D5}.Release|Win32.Build.0 = Release|Win32
		{BDFCEB6C-99B3-490F-ACB4-9A32AA44B4D5}.Release|x64.ActiveCfg = Release|x64
		{BDFCEB6C-99B3-490F-ACB4-9A32AA44B4D5}.Release|x64.Build.0 = Release|x64
		{C615842B-338A-4046-8D35-07C030BC2762}.Debug|Win32.ActiveCfg = Debug|Win32
		{C615842B-338A-4046-8D35-07C030BC2762}.Debug|Win32.Build.0 = Debug|Win32
		{C615842B-338A-4046-8D35-07C030BC2762}.Debug|x64.ActiveCfg = Debug|x64
		{C615842B-338A-4046-8D35-07C030BC2762}.Debug|x64.Build.0 = Debug|x64
		{C615842B-338A-4046-8D35-07C030BC2762}.Release|Win32.ActiveCfg = Release|Win32
		{C615842B-338A-4046-8D35-07C030BC2762}.Release|Win32.Build.0 = Release|Win32
		{C615842B-338A-4046-8D35-07C030BC2762}.Release|x64.ActiveCfg = Release|x64
		{C615842B-338A-4046-8D35-07C030BC2762}.Release|x64.Build.0 = Release|x64
		{62E6E754-F559-47D4-8F72-252182054FF5}.Debug|Win32.ActiveCfg = Debug|Win32
		{62E6E754-F559-47D4-8F72-252182054FF5}.Debug|Win32.Build.0 = Debug|Win32
		{62E6E754-F559-47D4-8F72-252182054FF5}.Debug|x64.ActiveCfg = Release|x64
		{62E6E754-F559-47D4-8F72-252182054FF5}.Debug|x64.Build.0 = Release|x64
		{62E6E754-F559-47D4-8F72-252182054FF5}.Release|Win32.ActiveCfg = Release|Win32
		{62E6E754-F559-47D4-8F72-252182054FF5}.Release|Win32.Build.0 = Release|Win32
		{62E6E754-F559-47D4-8F72-252182054FF5}.Release|x64.ActiveCfg = Release|x64
		{62E6E754-F559-47D4-8F72-252182054FF5}.Release|x64.Build.0 = Release|x64
		{950DB279-1AAD-4A7F-B5BE-3DC5FF5B49AA}.Debug|Win32.ActiveCfg = Debug|Win32
		{950DB279-1AAD-4A7F-B5BE-3DC5FF5B49AA}.Debug|Win32.Build.0 = Debug|Win32
		{950DB279-1AAD-4A7F-B5BE-3DC5FF5B49AA}.Debug|x64.ActiveCfg = Debug|x64
		{950DB279-1AAD-4A7F-B5BE-3DC5FF5B49AA}.Debug|x64.Build.0 = Debug|x64
		{950DB279-1AAD-4A7F-B5BE-3DC5FF5B49AA}.Release|Win32.ActiveCfg = Release|Win32
		{950DB279-1AAD-4A7F-B5BE-3DC5FF5B49AA}.Release|Win32.Build.0 = Release|Win32
		{950DB279-1AAD-4A7F-B5BE-3DC5FF5B49AA}.Release|x64.ActiveCfg = Release|x64
		{950DB279-1AAD-4A7F-B5BE-3DC5FF5B49AA}.Release|x64.Build.0 = Release|x64
		{C70E88BF-3020-4C30-BDD0-9131B9E859E3}.Debug|Win32.ActiveCfg = Debug|Win32
		{C70E88BF-3020-4C30-BDD0-9131B9E859E3}.Debug|Win32.Build.0 = Debug|Win32
		{C70E88BF-3020-4C30-BDD0-9131B9E859E3}.Debug|x64.ActiveCfg = Debug|x64
		{C70E88BF-3020-4C30-BDD0-9131B9E859E3}.Debug|x64.Build.0 = Debug|x64
		{C70E88BF-3020-4C30-BDD0-9131B9E859E3}.Release|Win32.ActiveCfg = Release|Win32
		{C70E88BF-3020-4C30-BDD0-9131B9E859E3}.Release|Win32.Build.0 = Release|Win32
		{C70E88BF-3020-4C30-BDD0-9131B9E859E3}.Release|x64.ActiveCfg = Release|x64
		{C70E88BF-3020-4C30-BDD0-9131B9E859E3}.Release|x64.Build.0 = Release|x64
		{E8DB291F-7F86-4C22-9369-1BF4BAF08205}.Debug|Win32.ActiveCfg = Debug|Win32
		{E8DB291F-7F86-4C22-9369-1BF4BAF08205}.Debug|Win32.Build.0 = Debug|Win32
		{E8DB291F-7F86-4C22-9369-1BF4BAF08205}.Debug|x64.ActiveCfg = Debug|Win32
		{E8DB291F-7F86-4C22-9369-1BF4BAF08205}.Release|Win32.ActiveCfg = Release|Win32
		{E8DB291F-7F86-4C22-9369-1BF4BAF08205}.Release|Win32.Build.0 = Release|Win32
		{E8DB291F-7F86-4C22-9369-1BF4BAF08205}.Release|x64.ActiveCfg = Release|Win32
		{4ADFDDAB-FB91-4716-873C-6BBD29A7EA7D}.Debug|Win32.ActiveCfg = Debug|Win32
		{4ADFDDAB-FB91-4716-873C-6BBD29A7EA7D}.Debug|Win32.Build.0 = Debug|Win32
		{4ADFDDAB-FB91-4716-873C-6BBD29A7EA7D}.Debug|x64.ActiveCfg = Debug|Win32
		{4ADFDDAB-FB91-4716-873C-6BBD29A7EA7D}.Release|Win32.ActiveCfg = Release|Win32
		{4ADFDDAB-FB91-4716-873C-6BBD29A7EA7D}.Release|Win32.Build.0 = Release|Win32
		{4ADFDDAB-FB91-4716-873C-6BBD29A7EA7D}.Release|x64.ActiveCfg = Release|Win32
	EndGlobalSection
	GlobalSection(SolutionProperties) = preSolution
		HideSolutionNode = FALSE
	EndGlobalSection
EndGlobal
