Microsoft Visual Studio Solution File, Format Version 8.00
Project("{8BC9CEB8-8B4A-11D0-8D11-00A0C91BC942}") = "sdsslibVC7", "sdsslib\sdsslibVC7.vcproj", "{3D4F4EBA-BB0E-4A5F-9D0A-76E8EB35C058}"
	ProjectSection(ProjectDependencies) = postProject
	EndProjectSection
EndProject
Project("{8BC9CEB8-8B4A-11D0-8D11-00A0C91BC942}") = "viewerVC7", "viewer\viewerVC7.vcproj", "{7BDC5344-521C-4912-AD83-48640B0EABA1}"
	ProjectSection(ProjectDependencies) = postProject
		{3D4F4EBA-BB0E-4A5F-9D0A-76E8EB35C058} = {3D4F4EBA-BB0E-4A5F-9D0A-76E8EB35C058}
	EndProjectSection
EndProject
Global
	GlobalSection(SolutionConfiguration) = preSolution
		Debug = Debug
		Release = Release
	EndGlobalSection
	GlobalSection(ProjectConfiguration) = postSolution
		{3D4F4EBA-BB0E-4A5F-9D0A-76E8EB35C058}.Debug.ActiveCfg = Debug|Win32
		{3D4F4EBA-BB0E-4A5F-9D0A-76E8EB35C058}.Debug.Build.0 = Debug|Win32
		{3D4F4EBA-BB0E-4A5F-9D0A-76E8EB35C058}.Release.ActiveCfg = Release|Win32
		{3D4F4EBA-BB0E-4A5F-9D0A-76E8EB35C058}.Release.Build.0 = Release|Win32
		{7BDC5344-521C-4912-AD83-48640B0EABA1}.Debug.ActiveCfg = Debug|Win32
		{7BDC5344-521C-4912-AD83-48640B0EABA1}.Debug.Build.0 = Debug|Win32
		{7BDC5344-521C-4912-AD83-48640B0EABA1}.Release.ActiveCfg = Release|Win32
		{7BDC5344-521C-4912-AD83-48640B0EABA1}.Release.Build.0 = Release|Win32
	EndGlobalSection
	GlobalSection(SolutionItems) = postSolution
	EndGlobalSection
	GlobalSection(ExtensibilityGlobals) = postSolution
	EndGlobalSection
	GlobalSection(ExtensibilityAddIns) = postSolution
	EndGlobalSection
EndGlobal
