<?xml version="1.0" encoding="utf-8"?>
<Project ToolsVersion="4.0" xmlns="http://schemas.microsoft.com/developer/msbuild/2003">
  <ItemGroup>
    <Filter Include="Source Files">
      <UniqueIdentifier>{4FC737F1-C7A5-4376-A066-2A32D752A2FF}</UniqueIdentifier>
      <Extensions>cpp;c;cc;cxx;def;odl;idl;hpj;bat;asm;asmx</Extensions>
    </Filter>
    <Filter Include="Header Files">
      <UniqueIdentifier>{93995380-89BD-4b04-88EB-625FBE52EBFB}</UniqueIdentifier>
      <Extensions>h;hpp;hxx;hm;inl;inc;xsd</Extensions>
    </Filter>
    <Filter Include="Resource Files">
      <UniqueIdentifier>{67DA6AB6-F800-4c08-8B7A-83BB121AAD01}</UniqueIdentifier>
      <Extensions>rc;ico;cur;bmp;dlg;rc2;rct;bin;rgs;gif;jpg;jpeg;jpe;resx;tiff;tif;png;wav;mfcribbon-ms</Extensions>
    </Filter>
  </ItemGroup>
  <ItemGroup>
    <ClCompile Include="..\src\AFANetworkSettings.c">
      <Filter>Source Files</Filter>
    </ClCompile>
    <ClCompile Include="..\src\AFAProcessing.c">
      <Filter>Source Files</Filter>
    </ClCompile>
    <ClCompile Include="..\src\AFARandom.c">
      <Filter>Source Files</Filter>
    </ClCompile>
    <ClCompile Include="..\src\AFASpectra.c">
      <Filter>Source Files</Filter>
    </ClCompile>
    <ClCompile Include="..\src\main.c">
      <Filter>Source Files</Filter>
    </ClCompile>
    <ClCompile Include="..\src\AFAProcessingHW.c">
      <Filter>Source Files</Filter>
    </ClCompile>
    <ClCompile Include="..\src\AFARandomHW.c">
      <Filter>Source Files</Filter>
    </ClCompile>
    <ClCompile Include="..\src\AFASpectraHW.c">
      <Filter>Source Files</Filter>
    </ClCompile>
  </ItemGroup>
  <ItemGroup>
    <ClInclude Include="..\src\include\AFADefines.h">
      <Filter>Header Files</Filter>
    </ClInclude>
    <ClInclude Include="..\src\include\AFAProcessFunction.h">
      <Filter>Header Files</Filter>
    </ClInclude>
    <ClInclude Include="..\src\include\AFAProcessing.h">
      <Filter>Header Files</Filter>
    </ClInclude>
    <ClInclude Include="..\src\include\AFASpectra.h">
      <Filter>Header Files</Filter>
    </ClInclude>
    <ClInclude Include="..\src\include\AFATypes.h">
      <Filter>Header Files</Filter>
    </ClInclude>
    <ClInclude Include="..\src\include\AFAProcessingHW.h">
      <Filter>Header Files</Filter>
    </ClInclude>
    <ClInclude Include="..\src\include\AFASpectraHW.h">
      <Filter>Header Files</Filter>
    </ClInclude>
    <ClInclude Include="..\src\include\AFASpectraCommon.h">
      <Filter>Header Files</Filter>
    </ClInclude>
    <ClInclude Include="..\src\include\AFANetworkSettingsCommon.h">
      <Filter>Header Files</Filter>
    </ClInclude>
    <ClInclude Include="..\src\include\AFANetworkSettings.h">
      <Filter>Header Files</Filter>
    </ClInclude>
    <ClInclude Include="..\src\include\AFANetworkSettingsHW.h">
      <Filter>Header Files</Filter>
    </ClInclude>
    <ClInclude Include="..\src\include\AFARandomCommon.h">
      <Filter>Header Files</Filter>
    </ClInclude>
    <ClInclude Include="..\src\include\AFARandom.h">
      <Filter>Header Files</Filter>
    </ClInclude>
    <ClInclude Include="..\src\include\AFARandomHW.h">
      <Filter>Header Files</Filter>
    </ClInclude>
    <ClInclude Include="..\src\include\AFAProcessingCommon.h">
      <Filter>Header Files</Filter>
    </ClInclude>
  </ItemGroup>
</Project>