<?xml version="1.0" encoding="utf-8"?>
<Project ToolsVersion="4.0" xmlns="http://schemas.microsoft.com/developer/msbuild/2003">
  <ItemGroup>
    <ClCompile Include="HLS\AFA\AFANetworkSettings.c" />
    <ClCompile Include="HLS\AFA\AFASpectra.c" />
    <ClCompile Include="HLS\AFA\AFARandom.c" />
    <ClCompile Include="HLS\AFA\AFAProcessing.c" />
    <ClCompile Include="fpgaPlayground.c" />
  </ItemGroup>
  <ItemGroup>
    <ClInclude Include="HLS\AFA\include\AFADefines.h" />
    <ClInclude Include="HLS\AFA\include\AFATypes.h" />
    <ClInclude Include="HLS\AFA\include\AFANetworkSettings.h" />
    <ClInclude Include="HLS\AFA\include\AFAProcessFunction.h" />
    <ClInclude Include="HLS\AFA\include\AFAProcessing.h" />
    <ClInclude Include="HLS\AFA\include\AFARandom.h" />
    <ClInclude Include="HLS\AFA\include\AFASpectra.h" />
  </ItemGroup>
</Project>